// !$*UTF8*$!
{
	archiveVersion = 1;
	classes = {
	};
	objectVersion = 46;
	objects = {

/* Begin PBXFileReference section */
		DB10490918DF02F200EB92A2 /* usersrc */ = {isa = PBXFileReference; lastKnownFileType = folder; path = usersrc; sourceTree = "<group>"; };
		DB22F89C18DDA64A00192372 /* mmboot.h */ = {isa = PBXFileReference; lastKnownFileType = sourcecode.c.h; name = mmboot.h; path = ../SymbianSF/os/kernelhwsrv/kernel/eka/include/memmodel/epoc/multiple/arm/mmboot.h; sourceTree = "<group>"; };
		DB22F89E18DDA69200192372 /* xmmu.cia */ = {isa = PBXFileReference; lastKnownFileType = text; name = xmmu.cia; path = ../SymbianSF/os/kernelhwsrv/kernel/eka/memmodel/epoc/multiple/arm/xmmu.cia; sourceTree = "<group>"; };
		DB22F89F18DDA69200192372 /* xmmu.cpp */ = {isa = PBXFileReference; lastKnownFileType = sourcecode.cpp.cpp; name = xmmu.cpp; path = ../SymbianSF/os/kernelhwsrv/kernel/eka/memmodel/epoc/multiple/arm/xmmu.cpp; sourceTree = "<group>"; };
		DB22F8A018DDA69D00192372 /* kernel.h */ = {isa = PBXFileReference; lastKnownFileType = sourcecode.c.h; name = kernel.h; path = ../SymbianSF/os/kernelhwsrv/kernel/eka/include/kernel/kernel.h; sourceTree = "<group>"; };
		DB22F8A118DDA6AD00192372 /* mmu.cpp */ = {isa = PBXFileReference; lastKnownFileType = sourcecode.cpp.cpp; name = mmu.cpp; path = ../SymbianSF/os/kernelhwsrv/kernel/eka/memmodel/epoc/multiple/mmu.cpp; sourceTree = "<group>"; };
		DB22F8A218DDA6B900192372 /* mmubase.cpp */ = {isa = PBXFileReference; lastKnownFileType = sourcecode.cpp.cpp; name = mmubase.cpp; path = ../SymbianSF/os/kernelhwsrv/kernel/eka/memmodel/epoc/mmubase/mmubase.cpp; sourceTree = "<group>"; };
		DB4772D718D63AF300F037B5 /* userinc */ = {isa = PBXFileReference; lastKnownFileType = folder; path = userinc; sourceTree = "<group>"; };
		DB4772DF18D64DF900F037B5 /* lua */ = {isa = PBXFileReference; lastKnownFileType = folder; path = lua; sourceTree = "<group>"; };
		DB4772E618D6E47A00F037B5 /* luaconf */ = {isa = PBXFileReference; lastKnownFileType = folder; path = luaconf; sourceTree = "<group>"; };
		DB61BB6A18D46DD8006F9F69 /* doc */ = {isa = PBXFileReference; lastKnownFileType = folder; path = doc; sourceTree = "<group>"; };
		DB61BB6B18D46DF5006F9F69 /* k */ = {isa = PBXFileReference; lastKnownFileType = folder; path = k; sourceTree = "<group>"; };
		DB61BB6C18D46E1D006F9F69 /* build */ = {isa = PBXFileReference; lastKnownFileType = folder; path = build; sourceTree = "<group>"; };
		DBBF9E0F18E4860800863C6E /* .gitignore */ = {isa = PBXFileReference; fileEncoding = 4; lastKnownFileType = text; path = .gitignore; sourceTree = "<group>"; };
/* End PBXFileReference section */

/* Begin PBXGroup section */
		DB22F89D18DDA64E00192372 /* epoc */ = {
			isa = PBXGroup;
			children = (
				DB22F8A018DDA69D00192372 /* kernel.h */,
				DB22F89C18DDA64A00192372 /* mmboot.h */,
				DB22F8A218DDA6B900192372 /* mmubase.cpp */,
				DB22F8A118DDA6AD00192372 /* mmu.cpp */,
				DB22F89E18DDA69200192372 /* xmmu.cia */,
				DB22F89F18DDA69200192372 /* xmmu.cpp */,
			);
			name = epoc;
			sourceTree = "<group>";
		};
		DB61BB5A18D385AC006F9F69 = {
			isa = PBXGroup;
			children = (
				DBBF9E0F18E4860800863C6E /* .gitignore */,
				DB22F89D18DDA64E00192372 /* epoc */,
				DB61BB6C18D46E1D006F9F69 /* build */,
				DB61BB6A18D46DD8006F9F69 /* doc */,
				DB61BB6B18D46DF5006F9F69 /* k */,
				DB4772DF18D64DF900F037B5 /* lua */,
				DB4772E618D6E47A00F037B5 /* luaconf */,
				DB4772D718D63AF300F037B5 /* userinc */,
				DB10490918DF02F200EB92A2 /* usersrc */,
			);
			sourceTree = "<group>";
		};
/* End PBXGroup section */

/* Begin PBXLegacyTarget section */
		DB04757118D995A9006A8090 /* pi */ = {
			isa = PBXLegacyTarget;
			buildArgumentsString = "-c \"lua ./build/build.lua hosted\"";
			buildConfigurationList = DB04757218D995AA006A8090 /* Build configuration list for PBXLegacyTarget "pi" */;
			buildPhases = (
			);
			buildToolPath = /usr/local/bin/fish;
			buildWorkingDirectory = /Users/tomsci/Documents/lupi;
			dependencies = (
			);
			name = pi;
			passBuildSettingsInEnvironment = 0;
			productName = lupi;
		};
/* End PBXLegacyTarget section */

/* Begin PBXProject section */
		DB61BB5B18D385AC006F9F69 /* Project object */ = {
			isa = PBXProject;
			attributes = {
				LastUpgradeCheck = 0510;
			};
			buildConfigurationList = DB61BB5E18D385AC006F9F69 /* Build configuration list for PBXProject "lupi" */;
			compatibilityVersion = "Xcode 3.2";
			developmentRegion = English;
			hasScannedForEncodings = 0;
			knownRegions = (
				en,
			);
			mainGroup = DB61BB5A18D385AC006F9F69;
			projectDirPath = "";
			projectRoot = "";
			targets = (
				DB04757118D995A9006A8090 /* pi */,
			);
		};
/* End PBXProject section */

/* Begin XCBuildConfiguration section */
		DB04757318D995AA006A8090 /* Debug */ = {
			isa = XCBuildConfiguration;
			buildSettings = {
				ALWAYS_SEARCH_USER_PATHS = NO;
				CLANG_CXX_LANGUAGE_STANDARD = "gnu++0x";
				CLANG_CXX_LIBRARY = "libc++";
				CLANG_ENABLE_MODULES = YES;
				CLANG_ENABLE_OBJC_ARC = YES;
				CLANG_WARN_BOOL_CONVERSION = YES;
				CLANG_WARN_CONSTANT_CONVERSION = YES;
				CLANG_WARN_DIRECT_OBJC_ISA_USAGE = YES_ERROR;
				CLANG_WARN_EMPTY_BODY = YES;
				CLANG_WARN_ENUM_CONVERSION = YES;
				CLANG_WARN_INT_CONVERSION = YES;
				CLANG_WARN_OBJC_ROOT_CLASS = YES_ERROR;
				CLANG_WARN__DUPLICATE_METHOD_MATCH = YES;
				COPY_PHASE_STRIP = NO;
				DEBUGGING_SYMBOLS = YES;
				GCC_C_LANGUAGE_STANDARD = gnu99;
				GCC_DYNAMIC_NO_PIC = NO;
				GCC_ENABLE_OBJC_EXCEPTIONS = YES;
				GCC_GENERATE_DEBUGGING_SYMBOLS = YES;
				GCC_OPTIMIZATION_LEVEL = 0;
				GCC_PREPROCESSOR_DEFINITIONS = (
					"DEBUG=1",
					"$(inherited)",
				);
				GCC_SYMBOLS_PRIVATE_EXTERN = NO;
				GCC_WARN_64_TO_32_BIT_CONVERSION = YES;
				GCC_WARN_ABOUT_RETURN_TYPE = YES_ERROR;
				GCC_WARN_UNDECLARED_SELECTOR = YES;
				GCC_WARN_UNINITIALIZED_AUTOS = YES_AGGRESSIVE;
				GCC_WARN_UNUSED_FUNCTION = YES;
				GCC_WARN_UNUSED_VARIABLE = YES;
				MACOSX_DEPLOYMENT_TARGET = 10.9;
				ONLY_ACTIVE_ARCH = YES;
				OTHER_CFLAGS = "";
				OTHER_LDFLAGS = "";
				PRODUCT_NAME = "$(TARGET_NAME)";
				SDKROOT = macosx;
			};
			name = Debug;
		};
		DB04757418D995AA006A8090 /* Release */ = {
			isa = XCBuildConfiguration;
			buildSettings = {
				ALWAYS_SEARCH_USER_PATHS = NO;
				CLANG_CXX_LANGUAGE_STANDARD = "gnu++0x";
				CLANG_CXX_LIBRARY = "libc++";
				CLANG_ENABLE_MODULES = YES;
				CLANG_ENABLE_OBJC_ARC = YES;
				CLANG_WARN_BOOL_CONVERSION = YES;
				CLANG_WARN_CONSTANT_CONVERSION = YES;
				CLANG_WARN_DIRECT_OBJC_ISA_USAGE = YES_ERROR;
				CLANG_WARN_EMPTY_BODY = YES;
				CLANG_WARN_ENUM_CONVERSION = YES;
				CLANG_WARN_INT_CONVERSION = YES;
				CLANG_WARN_OBJC_ROOT_CLASS = YES_ERROR;
				CLANG_WARN__DUPLICATE_METHOD_MATCH = YES;
				COPY_PHASE_STRIP = YES;
				DEBUG_INFORMATION_FORMAT = "dwarf-with-dsym";
				ENABLE_NS_ASSERTIONS = NO;
				GCC_C_LANGUAGE_STANDARD = gnu99;
				GCC_ENABLE_OBJC_EXCEPTIONS = YES;
				GCC_WARN_64_TO_32_BIT_CONVERSION = YES;
				GCC_WARN_ABOUT_RETURN_TYPE = YES_ERROR;
				GCC_WARN_UNDECLARED_SELECTOR = YES;
				GCC_WARN_UNINITIALIZED_AUTOS = YES_AGGRESSIVE;
				GCC_WARN_UNUSED_FUNCTION = YES;
				GCC_WARN_UNUSED_VARIABLE = YES;
				MACOSX_DEPLOYMENT_TARGET = 10.9;
				OTHER_CFLAGS = "";
				OTHER_LDFLAGS = "";
				PRODUCT_NAME = "$(TARGET_NAME)";
				SDKROOT = macosx;
			};
			name = Release;
		};
		DB61BB5F18D385AC006F9F69 /* Debug */ = {
			isa = XCBuildConfiguration;
			buildSettings = {
			};
			name = Debug;
		};
		DB61BB6018D385AC006F9F69 /* Release */ = {
			isa = XCBuildConfiguration;
			buildSettings = {
			};
			name = Release;
		};
/* End XCBuildConfiguration section */

/* Begin XCConfigurationList section */
		DB04757218D995AA006A8090 /* Build configuration list for PBXLegacyTarget "pi" */ = {
			isa = XCConfigurationList;
			buildConfigurations = (
				DB04757318D995AA006A8090 /* Debug */,
				DB04757418D995AA006A8090 /* Release */,
			);
			defaultConfigurationIsVisible = 0;
			defaultConfigurationName = Release;
		};
		DB61BB5E18D385AC006F9F69 /* Build configuration list for PBXProject "lupi" */ = {
			isa = XCConfigurationList;
			buildConfigurations = (
				DB61BB5F18D385AC006F9F69 /* Debug */,
				DB61BB6018D385AC006F9F69 /* Release */,
			);
			defaultConfigurationIsVisible = 0;
			defaultConfigurationName = Release;
		};
/* End XCConfigurationList section */
	};
	rootObject = DB61BB5B18D385AC006F9F69 /* Project object */;
}
